
Microsoft Visual Studio Solution File, Format Version 12.00
# Visual Studio Version 16
VisualStudioVersion = 16.0.29911.84
MinimumVisualStudioVersion = 10.0.40219.1
Project("{FAE04EC0-301F-11D3-BF4B-00C04F79EFBC}") = "TaxiStoreDemain", "TaxiStoreDemain\TaxiStoreDemain.csproj", "{FB0ADB35-4843-4CE1-BA99-3BED95167ABF}"
EndProject
Project("{FAE04EC0-301F-11D3-BF4B-00C04F79EFBC}") = "TaxiStoreWebUI", "TaxiStoreWebUI\TaxiStoreWebUI.csproj", "{8C595CAD-35DC-4759-8448-FD20DD2FAACD}"
EndProject
Project("{FAE04EC0-301F-11D3-BF4B-00C04F79EFBC}") = "TaxiStore.UnitTests", "TaxiStore.UnitTests\TaxiStore.UnitTests.csproj", "{641F4B96-574C-4072-B249-3EB7D7C067F2}"
EndProject
Global
	GlobalSection(SolutionConfigurationPlatforms) = preSolution
		Debug|Any CPU = Debug|Any CPU
		Release|Any CPU = Release|Any CPU
	EndGlobalSection
	GlobalSection(ProjectConfigurationPlatforms) = postSolution
		{FB0ADB35-4843-4CE1-BA99-3BED95167ABF}.Debug|Any CPU.ActiveCfg = Debug|Any CPU
		{FB0ADB35-4843-4CE1-BA99-3BED95167ABF}.Debug|Any CPU.Build.0 = Debug|Any CPU
		{FB0ADB35-4843-4CE1-BA99-3BED95167ABF}.Release|Any CPU.ActiveCfg = Release|Any CPU
		{FB0ADB35-4843-4CE1-BA99-3BED95167ABF}.Release|Any CPU.Build.0 = Release|Any CPU
		{8C595CAD-35DC-4759-8448-FD20DD2FAACD}.Debug|Any CPU.ActiveCfg = Debug|Any CPU
		{8C595CAD-35DC-4759-8448-FD20DD2FAACD}.Debug|Any CPU.Build.0 = Debug|Any CPU
		{8C595CAD-35DC-4759-8448-FD20DD2FAACD}.Release|Any CPU.ActiveCfg = Release|Any CPU
		{8C595CAD-35DC-4759-8448-FD20DD2FAACD}.Release|Any CPU.Build.0 = Release|Any CPU
		{641F4B96-574C-4072-B249-3EB7D7C067F2}.Debug|Any CPU.ActiveCfg = Debug|Any CPU
		{641F4B96-574C-4072-B249-3EB7D7C067F2}.Debug|Any CPU.Build.0 = Debug|Any CPU
		{641F4B96-574C-4072-B249-3EB7D7C067F2}.Release|Any CPU.ActiveCfg = Release|Any CPU
		{641F4B96-574C-4072-B249-3EB7D7C067F2}.Release|Any CPU.Build.0 = Release|Any CPU
	EndGlobalSection
	GlobalSection(SolutionProperties) = preSolution
		HideSolutionNode = FALSE
	EndGlobalSection
	GlobalSection(ExtensibilityGlobals) = postSolution
		SolutionGuid = {E2C1EA5A-E59F-4746-8836-500969C396FA}
	EndGlobalSection
EndGlobal
